
Microsoft Visual Studio Solution File, Format Version 12.00
# Visual Studio Version 17
VisualStudioVersion = 17.5.33103.201
MinimumVisualStudioVersion = 10.0.40219.1
Project("{FAE04EC0-301F-11D3-BF4B-00C04F79EFBC}") = "Gallery.Server", "Gallery.Server\Gallery.Server.csproj", "{03B441FB-B284-4572-8D13-3F63D95D6138}"
EndProject
Global
	GlobalSection(SolutionConfigurationPlatforms) = preSolution
		Debug|Any CPU = Debug|Any CPU
		Release|Any CPU = Release|Any CPU
	EndGlobalSection
	GlobalSection(ProjectConfigurationPlatforms) = postSolution
		{03B441FB-B284-4572-8D13-3F63D95D6138}.Debug|Any CPU.ActiveCfg = Debug|Any CPU
		{03B441FB-B284-4572-8D13-3F63D95D6138}.Debug|Any CPU.Build.0 = Debug|Any CPU
		{03B441FB-B284-4572-8D13-3F63D95D6138}.Release|Any CPU.ActiveCfg = Release|Any CPU
		{03B441FB-B284-4572-8D13-3F63D95D6138}.Release|Any CPU.Build.0 = Release|Any CPU
	EndGlobalSection
	GlobalSection(SolutionProperties) = preSolution
		HideSolutionNode = FALSE
	EndGlobalSection
	GlobalSection(ExtensibilityGlobals) = postSolution
		SolutionGuid = {B38FC5C4-04CB-494A-9FA3-65D7787DB020}
	EndGlobalSection
EndGlobal
